{
    "_meta": {
        "hash": {
            "sha256": "273985494c176da67051897af99f0db8367aa7d811e5a229805a761f25fed368"
        },
        "pipfile-spec": 6,
        "requires": {
            "python_version": "3.10"
        },
        "sources": [
            {
                "name": "pypi",
                "url": "https://pypi.org/simple",
                "verify_ssl": true
            }
        ]
    },
    "default": {
        "blinker": {
            "hashes": [
                "sha256:4afd3de66ef3a9f8067559fb7a1cbe555c17dcbe15971b05d1b625c3e7abe213",
                "sha256:c3d739772abb7bc2860abf5f2ec284223d9ad5c76da018234f6f50d6f31ab1f0"
            ],
            "markers": "python_version >= '3.7'",
            "version": "==1.6.2"
        },
        "click": {
            "hashes": [
                "sha256:7682dc8afb30297001674575ea00d1814d808d6a36af415a82bd481d37ba7b8e",
                "sha256:bb4d8133cb15a609f44e8213d9b391b0809795062913b383c62be0ee95b1db48"
            ],
            "markers": "python_version >= '3.7'",
            "version": "==8.1.3"
        },
        "colorama": {
            "hashes": [
                "sha256:08695f5cb7ed6e0531a20572697297273c47b8cae5a63ffc6d6ed5c201be6e44",
                "sha256:4f1d9991f5acc0ca119f9d443620b77f9d6b33703e51011c16baf57afb285fc6"
            ],
            "markers": "platform_system == 'Windows'",
            "version": "==0.4.6"
        },
        "dnspython": {
            "hashes": [
                "sha256:224e32b03eb46be70e12ef6d64e0be123a64e621ab4c0822ff6d450d52a540b9",
                "sha256:89141536394f909066cabd112e3e1a37e4e654db00a25308b0f130bc3152eb46"
            ],
            "markers": "python_version >= '3.7' and python_version < '4.0'",
            "version": "==2.3.0"
        },
        "flask": {
            "hashes": [
                "sha256:8ba2a854608fdd603b67dccd4514a46450132227fb9df40127a8d0c1de8769ec",
                "sha256:a6059db4297106e5a64b3215fa16ae641822c1cb97ecb498573549b2478602cb"
            ],
            "index": "pypi",
            "version": "==2.3.1"
        },
        "flask-login": {
            "hashes": [
                "sha256:1ef79843f5eddd0f143c2cd994c1b05ac83c0401dc6234c143495af9a939613f",
                "sha256:c0a7baa9fdc448cdd3dd6f0939df72eec5177b2f7abe6cb82fc934d29caac9c3"
            ],
            "index": "pypi",
            "version": "==0.6.2"
        },
        "fuzzywuzzy": {
            "hashes": [
                "sha256:45016e92264780e58972dca1b3d939ac864b78437422beecebb3095f8efd00e8",
                "sha256:928244b28db720d1e0ee7587acf660ea49d7e4c632569cad4f1cd7e68a5f0993"
            ],
            "index": "pypi",
            "version": "==0.18.0"
        },
        "itsdangerous": {
            "hashes": [
                "sha256:2c2349112351b88699d8d4b6b075022c0808887cb7ad10069318a8b0bc88db44",
                "sha256:5dbbc68b317e5e42f327f9021763545dc3fc3bfe22e6deb96aaf1fc38874156a"
            ],
            "markers": "python_version >= '3.7'",
            "version": "==2.1.2"
        },
        "jinja2": {
            "hashes": [
                "sha256:31351a702a408a9e7595a8fc6150fc3f43bb6bf7e319770cbc0db9df9437e852",
                "sha256:6088930bfe239f0e6710546ab9c19c9ef35e29792895fed6e6e31a023a182a61"
            ],
            "markers": "python_version >= '3.7'",
            "version": "==3.1.2"
        },
        "joblib": {
            "hashes": [
                "sha256:091138ed78f800342968c523bdde947e7a305b8594b910a0fea2ab83c3c6d385",
                "sha256:e1cee4a79e4af22881164f218d4311f60074197fb707e082e803b61f6d137018"
            ],
            "markers": "python_version >= '3.7'",
            "version": "==1.2.0"
        },
        "markupsafe": {
            "hashes": [
                "sha256:0576fe974b40a400449768941d5d0858cc624e3249dfd1e0c33674e5c7ca7aed",
                "sha256:085fd3201e7b12809f9e6e9bc1e5c96a368c8523fad5afb02afe3c051ae4afcc",
                "sha256:090376d812fb6ac5f171e5938e82e7f2d7adc2b629101cec0db8b267815c85e2",
                "sha256:0b462104ba25f1ac006fdab8b6a01ebbfbce9ed37fd37fd4acd70c67c973e460",
                "sha256:137678c63c977754abe9086a3ec011e8fd985ab90631145dfb9294ad09c102a7",
                "sha256:1bea30e9bf331f3fef67e0a3877b2288593c98a21ccb2cf29b74c581a4eb3af0",
                "sha256:22152d00bf4a9c7c83960521fc558f55a1adbc0631fbb00a9471e097b19d72e1",
                "sha256:22731d79ed2eb25059ae3df1dfc9cb1546691cc41f4e3130fe6bfbc3ecbbecfa",
                "sha256:2298c859cfc5463f1b64bd55cb3e602528db6fa0f3cfd568d3605c50678f8f03",
                "sha256:28057e985dace2f478e042eaa15606c7efccb700797660629da387eb289b9323",
                "sha256:2e7821bffe00aa6bd07a23913b7f4e01328c3d5cc0b40b36c0bd81d362faeb65",
                "sha256:2ec4f2d48ae59bbb9d1f9d7efb9236ab81429a764dedca114f5fdabbc3788013",
                "sha256:340bea174e9761308703ae988e982005aedf427de816d1afe98147668cc03036",
                "sha256:40627dcf047dadb22cd25ea7ecfe9cbf3bbbad0482ee5920b582f3809c97654f",
                "sha256:40dfd3fefbef579ee058f139733ac336312663c6706d1163b82b3003fb1925c4",
                "sha256:4cf06cdc1dda95223e9d2d3c58d3b178aa5dacb35ee7e3bbac10e4e1faacb419",
                "sha256:50c42830a633fa0cf9e7d27664637532791bfc31c731a87b202d2d8ac40c3ea2",
                "sha256:55f44b440d491028addb3b88f72207d71eeebfb7b5dbf0643f7c023ae1fba619",
                "sha256:608e7073dfa9e38a85d38474c082d4281f4ce276ac0010224eaba11e929dd53a",
                "sha256:63ba06c9941e46fa389d389644e2d8225e0e3e5ebcc4ff1ea8506dce646f8c8a",
                "sha256:65608c35bfb8a76763f37036547f7adfd09270fbdbf96608be2bead319728fcd",
                "sha256:665a36ae6f8f20a4676b53224e33d456a6f5a72657d9c83c2aa00765072f31f7",
                "sha256:6d6607f98fcf17e534162f0709aaad3ab7a96032723d8ac8750ffe17ae5a0666",
                "sha256:7313ce6a199651c4ed9d7e4cfb4aa56fe923b1adf9af3b420ee14e6d9a73df65",
                "sha256:7668b52e102d0ed87cb082380a7e2e1e78737ddecdde129acadb0eccc5423859",
                "sha256:7df70907e00c970c60b9ef2938d894a9381f38e6b9db73c5be35e59d92e06625",
                "sha256:7e007132af78ea9df29495dbf7b5824cb71648d7133cf7848a2a5dd00d36f9ff",
                "sha256:835fb5e38fd89328e9c81067fd642b3593c33e1e17e2fdbf77f5676abb14a156",
                "sha256:8bca7e26c1dd751236cfb0c6c72d4ad61d986e9a41bbf76cb445f69488b2a2bd",
                "sha256:8db032bf0ce9022a8e41a22598eefc802314e81b879ae093f36ce9ddf39ab1ba",
                "sha256:99625a92da8229df6d44335e6fcc558a5037dd0a760e11d84be2260e6f37002f",
                "sha256:9cad97ab29dfc3f0249b483412c85c8ef4766d96cdf9dcf5a1e3caa3f3661cf1",
                "sha256:a4abaec6ca3ad8660690236d11bfe28dfd707778e2442b45addd2f086d6ef094",
                "sha256:a6e40afa7f45939ca356f348c8e23048e02cb109ced1eb8420961b2f40fb373a",
                "sha256:a6f2fcca746e8d5910e18782f976489939d54a91f9411c32051b4aab2bd7c513",
                "sha256:a806db027852538d2ad7555b203300173dd1b77ba116de92da9afbc3a3be3eed",
                "sha256:abcabc8c2b26036d62d4c746381a6f7cf60aafcc653198ad678306986b09450d",
                "sha256:b8526c6d437855442cdd3d87eede9c425c4445ea011ca38d937db299382e6fa3",
                "sha256:bb06feb762bade6bf3c8b844462274db0c76acc95c52abe8dbed28ae3d44a147",
                "sha256:c0a33bc9f02c2b17c3ea382f91b4db0e6cde90b63b296422a939886a7a80de1c",
                "sha256:c4a549890a45f57f1ebf99c067a4ad0cb423a05544accaf2b065246827ed9603",
                "sha256:ca244fa73f50a800cf8c3ebf7fd93149ec37f5cb9596aa8873ae2c1d23498601",
                "sha256:cf877ab4ed6e302ec1d04952ca358b381a882fbd9d1b07cccbfd61783561f98a",
                "sha256:d9d971ec1e79906046aa3ca266de79eac42f1dbf3612a05dc9368125952bd1a1",
                "sha256:da25303d91526aac3672ee6d49a2f3db2d9502a4a60b55519feb1a4c7714e07d",
                "sha256:e55e40ff0cc8cc5c07996915ad367fa47da6b3fc091fdadca7f5403239c5fec3",
                "sha256:f03a532d7dee1bed20bc4884194a16160a2de9ffc6354b3878ec9682bb623c54",
                "sha256:f1cd098434e83e656abf198f103a8207a8187c0fc110306691a2e94a78d0abb2",
                "sha256:f2bfb563d0211ce16b63c7cb9395d2c682a23187f54c3d79bfec33e6705473c6",
                "sha256:f8ffb705ffcf5ddd0e80b65ddf7bed7ee4f5a441ea7d3419e861a12eaf41af58"
            ],
            "markers": "python_version >= '3.7'",
            "version": "==2.1.2"
        },
        "numpy": {
            "hashes": [
                "sha256:0ec87a7084caa559c36e0a2309e4ecb1baa03b687201d0a847c8b0ed476a7187",
                "sha256:1a7d6acc2e7524c9955e5c903160aa4ea083736fde7e91276b0e5d98e6332812",
                "sha256:202de8f38fc4a45a3eea4b63e2f376e5f2dc64ef0fa692838e31a808520efaf7",
                "sha256:210461d87fb02a84ef243cac5e814aad2b7f4be953b32cb53327bb49fd77fbb4",
                "sha256:2d926b52ba1367f9acb76b0df6ed21f0b16a1ad87c6720a1121674e5cf63e2b6",
                "sha256:352ee00c7f8387b44d19f4cada524586f07379c0d49270f87233983bc5087ca0",
                "sha256:35400e6a8d102fd07c71ed7dcadd9eb62ee9a6e84ec159bd48c28235bbb0f8e4",
                "sha256:3c1104d3c036fb81ab923f507536daedc718d0ad5a8707c6061cdfd6d184e570",
                "sha256:4719d5aefb5189f50887773699eaf94e7d1e02bf36c1a9d353d9f46703758ca4",
                "sha256:4749e053a29364d3452c034827102ee100986903263e89884922ef01a0a6fd2f",
                "sha256:5342cf6aad47943286afa6f1609cad9b4266a05e7f2ec408e2cf7aea7ff69d80",
                "sha256:56e48aec79ae238f6e4395886b5eaed058abb7231fb3361ddd7bfdf4eed54289",
                "sha256:76e3f4e85fc5d4fd311f6e9b794d0c00e7002ec122be271f2019d63376f1d385",
                "sha256:7776ea65423ca6a15255ba1872d82d207bd1e09f6d0894ee4a64678dd2204078",
                "sha256:784c6da1a07818491b0ffd63c6bbe5a33deaa0e25a20e1b3ea20cf0e43f8046c",
                "sha256:8535303847b89aa6b0f00aa1dc62867b5a32923e4d1681a35b5eef2d9591a463",
                "sha256:9a7721ec204d3a237225db3e194c25268faf92e19338a35f3a224469cb6039a3",
                "sha256:a1d3c026f57ceaad42f8231305d4653d5f05dc6332a730ae5c0bea3513de0950",
                "sha256:ab344f1bf21f140adab8e47fdbc7c35a477dc01408791f8ba00d018dd0bc5155",
                "sha256:ab5f23af8c16022663a652d3b25dcdc272ac3f83c3af4c02eb8b824e6b3ab9d7",
                "sha256:ae8d0be48d1b6ed82588934aaaa179875e7dc4f3d84da18d7eae6eb3f06c242c",
                "sha256:c91c4afd8abc3908e00a44b2672718905b8611503f7ff87390cc0ac3423fb096",
                "sha256:d5036197ecae68d7f491fcdb4df90082b0d4960ca6599ba2659957aafced7c17",
                "sha256:d6cc757de514c00b24ae8cf5c876af2a7c3df189028d68c0cb4eaa9cd5afc2bf",
                "sha256:d933fabd8f6a319e8530d0de4fcc2e6a61917e0b0c271fded460032db42a0fe4",
                "sha256:ea8282b9bcfe2b5e7d491d0bf7f3e2da29700cec05b49e64d6246923329f2b02",
                "sha256:ecde0f8adef7dfdec993fd54b0f78183051b6580f606111a6d789cd14c61ea0c",
                "sha256:f21c442fdd2805e91799fbe044a7b999b8571bb0ab0f7850d0cb9641a687092b"
            ],
            "markers": "python_version >= '3.10'",
            "version": "==1.24.3"
        },
        "pandas": {
            "hashes": [
                "sha256:00959a04a1d7bbc63d75a768540fb20ecc9e65fd80744c930e23768345a362a7",
                "sha256:03e677c6bc9cfb7f93a8b617d44f6091613a5671ef2944818469be7b42114a00",
                "sha256:0a514ae436b23a92366fbad8365807fc0eed15ca219690b3445dcfa33597a5cc",
                "sha256:12bd6618e3cc737c5200ecabbbb5eaba8ab645a4b0db508ceeb4004bb10b060e",
                "sha256:18d22cb9043b6c6804529810f492ab09d638ddf625c5dea8529239607295cb59",
                "sha256:19b8e5270da32b41ebf12f0e7165efa7024492e9513fb46fb631c5022ae5709d",
                "sha256:2b6fe5f7ce1cba0e74188c8473c9091ead9b293ef0a6794939f8cc7947057abd",
                "sha256:320b180d125c3842c5da5889183b9a43da4ebba375ab2ef938f57bf267a3c684",
                "sha256:3d099ecaa5b9e977b55cd43cf842ec13b14afa1cfa51b7e1179d90b38c53ce6a",
                "sha256:6c0853d487b6c868bf107a4b270a823746175b1932093b537b9b76c639fc6f7e",
                "sha256:6fa0067f2419f933101bdc6001bcea1d50812afbd367b30943417d67fbb99678",
                "sha256:70a996a1d2432dadedbb638fe7d921c88b0cc4dd90374eab51bb33dc6c0c2a12",
                "sha256:7b8395d335b08bc8b050590da264f94a439b4770ff16bb51798527f1dd840388",
                "sha256:7bbf173d364130334e0159a9a034f573e8b44a05320995127cf676b85fd8ce86",
                "sha256:8db5a644d184a38e6ed40feeb12d410d7fcc36648443defe4707022da127fc35",
                "sha256:909a72b52175590debbf1d0c9e3e6bce2f1833c80c76d80bd1aa09188be768e5",
                "sha256:90d1d365d77d287063c5e339f49b27bd99ef06d10a8843cf00b1a49326d492c1",
                "sha256:910df06feaf9935d05247db6de452f6d59820e432c18a2919a92ffcd98f8f79b",
                "sha256:99f7192d8b0e6daf8e0d0fd93baa40056684e4b4aaaef9ea78dff34168e1f2f0",
                "sha256:a2564629b3a47b6aa303e024e3d84e850d36746f7e804347f64229f8c87416ea",
                "sha256:a37ee35a3eb6ce523b2c064af6286c45ea1c7ff882d46e10d0945dbda7572753",
                "sha256:af2449e9e984dfad39276b885271ba31c5e0204ffd9f21f287a245980b0e4091",
                "sha256:e09a53a4fe8d6ae2149959a2d02e1ef2f4d2ceb285ac48f74b79798507e468b4",
                "sha256:f25e23a03f7ad7211ffa30cb181c3e5f6d96a8e4cb22898af462a7333f8a74eb",
                "sha256:fe7914d8ddb2d54b900cec264c090b88d141a1eed605c9539a187dbc2547f022"
            ],
            "index": "pypi",
            "version": "==2.0.1"
        },
        "pymongo": {
            "hashes": [
                "sha256:016c412118e1c23fef3a1eada4f83ae6e8844fd91986b2e066fc1b0013cdd9ae",
                "sha256:01f7cbe88d22440b6594c955e37312d932fd632ffed1a86d0c361503ca82cc9d",
                "sha256:08fc250b5552ee97ceeae0f52d8b04f360291285fc7437f13daa516ce38fdbc6",
                "sha256:0c466710871d0026c190fc4141e810cf9d9affbf4935e1d273fbdc7d7cda6143",
                "sha256:1074f1a6f23e28b983c96142f2d45be03ec55d93035b471c26889a7ad2365db3",
                "sha256:12f3621a46cdc7a9ba8080422262398a91762a581d27e0647746588d3f995c88",
                "sha256:2c2fdc855149efe7cdcc2a01ca02bfa24761c640203ea94df467f3baf19078be",
                "sha256:316498b642c00401370b2156b5233b256f9b33799e0a8d9d0b8a7da217a20fca",
                "sha256:341221e2f2866a5960e6f8610f4cbac0bb13097f3b1a289aa55aba984fc0d969",
                "sha256:34b040e095e1671df0c095ec0b04fc4ebb19c4c160f87c2b55c079b16b1a6b00",
                "sha256:34e95ffb0a68bffbc3b437f2d1f25fc916fef3df5cdeed0992da5f42fae9b807",
                "sha256:39b03045c71f761aee96a12ebfbc2f4be89e724ff6f5e31c2574c1a0e2add8bd",
                "sha256:3b93043b14ba7eb08c57afca19751658ece1cfa2f0b7b1fb5c7a41452fbb8482",
                "sha256:47f7aa217b25833cd6f0e72b0d224be55393c2692b4f5e0561cb3beeb10296e9",
                "sha256:49210feb0be8051a64d71691f0acbfbedc33e149f0a5d6e271fddf6a12493fed",
                "sha256:4d00b91c77ceb064c9b0459f0d6ea5bfdbc53ea9e17cf75731e151ef25a830c7",
                "sha256:4ed00f96e147f40b565fe7530d1da0b0f3ab803d5dd5b683834500fa5d195ec4",
                "sha256:5134d33286c045393c7beb51be29754647cec5ebc051cf82799c5ce9820a2ca2",
                "sha256:524d78673518dcd352a91541ecd2839c65af92dc883321c2109ef6e5cd22ef23",
                "sha256:52896e22115c97f1c829db32aa2760b0d61839cfe08b168c2b1d82f31dbc5f55",
                "sha256:54c377893f2cbbffe39abcff5ff2e917b082c364521fa079305f6f064e1a24a9",
                "sha256:55b6163dac53ef1e5d834297810c178050bd0548a4136cd4e0f56402185916ca",
                "sha256:599d3f6fbef31933b96e2d906b0f169b3371ff79ea6aaf6ecd76c947a3508a3d",
                "sha256:5effd87c7d363890259eac16c56a4e8da307286012c076223997f8cc4a8c435b",
                "sha256:66413c50d510e5bcb0afc79880d1693a2185bcea003600ed898ada31338c004e",
                "sha256:695939036a320f4329ccf1627edefbbb67cc7892b8222d297b0dd2313742bfee",
                "sha256:6c2216d8b6a6d019c6f4b1ad55f890e5e77eb089309ffc05b6911c09349e7474",
                "sha256:6dd1cf2995fdbd64fc0802313e8323f5fa18994d51af059b5b8862b73b5e53f0",
                "sha256:6fcfbf435eebf8a1765c6d1f46821740ebe9f54f815a05c8fc30d789ef43cb12",
                "sha256:704d939656e21b073bfcddd7228b29e0e8a93dd27b54240eaafc0b9a631629a6",
                "sha256:711bc52cb98e7892c03e9b669bebd89c0a890a90dbc6d5bb2c47f30239bac6e9",
                "sha256:74731c9e423c93cbe791f60c27030b6af6a948cef67deca079da6cd1bb583a8e",
                "sha256:7761cacb8745093062695b11574effea69db636c2fd0a9269a1f0183712927b4",
                "sha256:7b16250238de8dafca225647608dddc7bbb5dce3dd53b4d8e63c1cc287394c2f",
                "sha256:7c051fe37c96b9878f37fa58906cb53ecd13dcb7341d3a85f1e2e2f6b10782d9",
                "sha256:7d43ac9c7eeda5100fb0a7152fab7099c9cf9e5abd3bb36928eb98c7d7a339c6",
                "sha256:81d1a7303bd02ca1c5be4aacd4db73593f573ba8e0c543c04c6da6275fd7a47e",
                "sha256:8a06a0c02f5606330e8f2e2f3b7949877ca7e4024fa2bff5a4506bec66c49ec7",
                "sha256:8fd6e191b92a10310f5a6cfe10d6f839d79d192fb02480bda325286bd1c7b385",
                "sha256:943f208840777f34312c103a2d1caab02d780c4e9be26b3714acf6c4715ba7e1",
                "sha256:9b87b23570565a6ddaa9244d87811c2ee9cffb02a753c8a2da9c077283d85845",
                "sha256:a6cd6f1db75eb07332bd3710f58f5fce4967eadbf751bad653842750a61bda62",
                "sha256:a966d5304b7d90c45c404914e06bbf02c5bf7e99685c6c12f0047ef2aa837142",
                "sha256:a9c2885b4a8e6e39db5662d8b02ca6dcec796a45e48c2de12552841f061692ba",
                "sha256:b0cfe925610f2fd59555bb7fc37bd739e4b197d33f2a8b2fae7b9c0c6640318c",
                "sha256:b38a96b3eed8edc515b38257f03216f382c4389d022a8834667e2bc63c0c0c31",
                "sha256:b8a03af1ce79b902a43f5f694c4ca8d92c2a4195db0966f08f266549e2fc49bc",
                "sha256:bb869707d8e30645ed6766e44098600ca6cdf7989c22a3ea2b7966bb1d98d4b2",
                "sha256:be1d2ce7e269215c3ee9a215e296b7a744aff4f39233486d2c4d77f5f0c561a6",
                "sha256:c0640b4e9d008e13956b004d1971a23377b3d45491f87082161c92efb1e6c0d6",
                "sha256:c09956606c08c4a7c6178a04ba2dd9388fcc5db32002ade9c9bc865ab156ab6d",
                "sha256:c184ec5be465c0319440734491e1aa4709b5f3ba75fdfc9dbbc2ae715a7f6829",
                "sha256:c1a70c51da9fa95bd75c167edb2eb3f3c4d27bc4ddd29e588f21649d014ec0b7",
                "sha256:c29e758f0e734e1e90357ae01ec9c6daf19ff60a051192fe110d8fb25c62600e",
                "sha256:c6258a3663780ae47ba73d43eb63c79c40ffddfb764e09b56df33be2f9479837",
                "sha256:cafa52873ae12baa512a8721afc20de67a36886baae6a5f394ddef0ce9391f91",
                "sha256:cd6a4afb20fb3c26a7bfd4611a0bbb24d93cbd746f5eb881f114b5e38fd55501",
                "sha256:cdb87309de97c63cb9a69132e1cb16be470e58cffdfbad68fdd1dc292b22a840",
                "sha256:d07d06dba5b5f7d80f9cc45501456e440f759fe79f9895922ed486237ac378a8",
                "sha256:d3a51901066696c4af38c6c63a1f0aeffd5e282367ff475de8c191ec9609b56d",
                "sha256:d5571b6978750601f783cea07fb6b666837010ca57e5cefa389c1d456f6222e2",
                "sha256:d86c35d94b5499689354ccbc48438a79f449481ee6300f3e905748edceed78e7",
                "sha256:dc0cff74cd36d7e1edba91baa09622c35a8a57025f2f2b7a41e3f83b1db73186",
                "sha256:dc24d245026a72d9b4953729d31813edd4bd4e5c13622d96e27c284942d33f24",
                "sha256:dca34367a4e77fcab0693e603a959878eaf2351585e7d752cac544bc6b2dee46",
                "sha256:e2961b05f9c04a53da8bfc72f1910b6aec7205fcf3ac9c036d24619979bbee4b",
                "sha256:e7fac06a539daef4fcf5d8288d0d21b412f9b750454cd5a3cf90484665db442a",
                "sha256:eac0a143ef4f28f49670bf89cb15847eb80b375d55eba401ca2f777cd425f338",
                "sha256:ef888f48eb9203ee1e04b9fb27429017b290fb916f1e7826c2f7808c88798394",
                "sha256:f3055510fdfdb1775bc8baa359783022f70bb553f2d46e153c094dfcb08578ff",
                "sha256:fa7e202feb683dad74f00dea066690448d0cfa310f8a277db06ec8eb466601b5",
                "sha256:fc28e8d85d392a06434e9a934908d97e2cf453d69488d2bcd0bfb881497fd975",
                "sha256:fd7bb378d82b88387dc10227cfd964f6273eb083e05299e9b97cbe075da12d11",
                "sha256:ffcc8394123ea8d43fff8e5d000095fe7741ce3f8988366c5c919c4f5eb179d3"
            ],
            "index": "pypi",
            "version": "==4.3.3"
        },
        "python-dateutil": {
            "hashes": [
                "sha256:0123cacc1627ae19ddf3c27a5de5bd67ee4586fbdd6440d9748f8abb483d3e86",
                "sha256:961d03dc3453ebbc59dbdea9e4e11c5651520a876d0f4db161e8674aae935da9"
            ],
            "markers": "python_version >= '2.7' and python_version not in '3.0, 3.1, 3.2'",
            "version": "==2.8.2"
        },
        "pytz": {
            "hashes": [
                "sha256:1d8ce29db189191fb55338ee6d0387d82ab59f3d00eac103412d64e0ebd0c588",
                "sha256:a151b3abb88eda1d4e34a9814df37de2a80e301e68ba0fd856fb9b46bfbbbffb"
            ],
            "version": "==2023.3"
        },
        "scikit-learn": {
            "hashes": [
                "sha256:065e9673e24e0dc5113e2dd2b4ca30c9d8aa2fa90f4c0597241c93b63130d233",
                "sha256:2dd3ffd3950e3d6c0c0ef9033a9b9b32d910c61bd06cb8206303fb4514b88a49",
                "sha256:2e2642baa0ad1e8f8188917423dd73994bf25429f8893ddbe115be3ca3183584",
                "sha256:44b47a305190c28dd8dd73fc9445f802b6ea716669cfc22ab1eb97b335d238b1",
                "sha256:6477eed40dbce190f9f9e9d0d37e020815825b300121307942ec2110302b66a3",
                "sha256:6fe83b676f407f00afa388dd1fdd49e5c6612e551ed84f3b1b182858f09e987d",
                "sha256:7d5312d9674bed14f73773d2acf15a3272639b981e60b72c9b190a0cffed5bad",
                "sha256:7f69313884e8eb311460cc2f28676d5e400bd929841a2c8eb8742ae78ebf7c20",
                "sha256:8156db41e1c39c69aa2d8599ab7577af53e9e5e7a57b0504e116cc73c39138dd",
                "sha256:8429aea30ec24e7a8c7ed8a3fa6213adf3814a6efbea09e16e0a0c71e1a1a3d7",
                "sha256:8b0670d4224a3c2d596fd572fb4fa673b2a0ccfb07152688ebd2ea0b8c61025c",
                "sha256:953236889928d104c2ef14027539f5f2609a47ebf716b8cbe4437e85dce42744",
                "sha256:99cc01184e347de485bf253d19fcb3b1a3fb0ee4cea5ee3c43ec0cc429b6d29f",
                "sha256:9c710ff9f9936ba8a3b74a455ccf0dcf59b230caa1e9ba0223773c490cab1e51",
                "sha256:ad66c3848c0a1ec13464b2a95d0a484fd5b02ce74268eaa7e0c697b904f31d6c",
                "sha256:bf036ea7ef66115e0d49655f16febfa547886deba20149555a41d28f56fd6d3c",
                "sha256:dfeaf8be72117eb61a164ea6fc8afb6dfe08c6f90365bde2dc16456e4bc8e45f",
                "sha256:e6e574db9914afcb4e11ade84fab084536a895ca60aadea3041e85b8ac963edb",
                "sha256:ea061bf0283bf9a9f36ea3c5d3231ba2176221bbd430abd2603b1c3b2ed85c89",
                "sha256:fe0aa1a7029ed3e1dcbf4a5bc675aa3b1bc468d9012ecf6c6f081251ca47f590",
                "sha256:fe175ee1dab589d2e1033657c5b6bec92a8a3b69103e3dd361b58014729975c3"
            ],
            "index": "pypi",
            "version": "==1.2.2"
        },
        "scipy": {
            "hashes": [
                "sha256:049a8bbf0ad95277ffba9b3b7d23e5369cc39e66406d60422c8cfef40ccc8415",
                "sha256:07c3457ce0b3ad5124f98a86533106b643dd811dd61b548e78cf4c8786652f6f",
                "sha256:0f1564ea217e82c1bbe75ddf7285ba0709ecd503f048cb1236ae9995f64217bd",
                "sha256:1553b5dcddd64ba9a0d95355e63fe6c3fc303a8fd77c7bc91e77d61363f7433f",
                "sha256:15a35c4242ec5f292c3dd364a7c71a61be87a3d4ddcc693372813c0b73c9af1d",
                "sha256:1b4735d6c28aad3cdcf52117e0e91d6b39acd4272f3f5cd9907c24ee931ad601",
                "sha256:2cf9dfb80a7b4589ba4c40ce7588986d6d5cebc5457cad2c2880f6bc2d42f3a5",
                "sha256:39becb03541f9e58243f4197584286e339029e8908c46f7221abeea4b749fa88",
                "sha256:43b8e0bcb877faf0abfb613d51026cd5cc78918e9530e375727bf0625c82788f",
                "sha256:4b3f429188c66603a1a5c549fb414e4d3bdc2a24792e061ffbd607d3d75fd84e",
                "sha256:4c0ff64b06b10e35215abce517252b375e580a6125fd5fdf6421b98efbefb2d2",
                "sha256:51af417a000d2dbe1ec6c372dfe688e041a7084da4fdd350aeb139bd3fb55353",
                "sha256:5678f88c68ea866ed9ebe3a989091088553ba12c6090244fdae3e467b1139c35",
                "sha256:79c8e5a6c6ffaf3a2262ef1be1e108a035cf4f05c14df56057b64acc5bebffb6",
                "sha256:7ff7f37b1bf4417baca958d254e8e2875d0cc23aaadbe65b3d5b3077b0eb23ea",
                "sha256:aaea0a6be54462ec027de54fca511540980d1e9eea68b2d5c1dbfe084797be35",
                "sha256:bce5869c8d68cf383ce240e44c1d9ae7c06078a9396df68ce88a1230f93a30c1",
                "sha256:cd9f1027ff30d90618914a64ca9b1a77a431159df0e2a195d8a9e8a04c78abf9",
                "sha256:d925fa1c81b772882aa55bcc10bf88324dadb66ff85d548c71515f6689c6dac5",
                "sha256:e7354fd7527a4b0377ce55f286805b34e8c54b91be865bac273f527e1b839019",
                "sha256:fae8a7b898c42dffe3f7361c40d5952b6bf32d10c4569098d276b4c547905ee1"
            ],
            "index": "pypi",
            "version": "==1.10.1"
        },
        "six": {
            "hashes": [
                "sha256:1e61c37477a1626458e36f7b1d82aa5c9b094fa4802892072e49de9c60c4c926",
                "sha256:8abb2f1d86890a2dfb989f9a77cfcfd3e47c2a354b01111771326f8aa26e0254"
            ],
            "markers": "python_version >= '2.7' and python_version not in '3.0, 3.1, 3.2'",
            "version": "==1.16.0"
        },
        "threadpoolctl": {
            "hashes": [
                "sha256:8b99adda265feb6773280df41eece7b2e6561b772d21ffd52e372f999024907b",
                "sha256:a335baacfaa4400ae1f0d8e3a58d6674d2f8828e3716bb2802c44955ad391380"
            ],
            "markers": "python_version >= '3.6'",
            "version": "==3.1.0"
        },
        "tzdata": {
            "hashes": [
                "sha256:11ef1e08e54acb0d4f95bdb1be05da659673de4acbd21bf9c69e94cc5e907a3a",
                "sha256:7e65763eef3120314099b6939b5546db7adce1e7d6f2e179e3df563c70511eda"
            ],
            "markers": "python_version >= '2'",
            "version": "==2023.3"
        },
        "werkzeug": {
            "hashes": [
                "sha256:2d35a28a75ae03727eae14ea7d13627c0f77aed6b9998441e6dae0b387f697fc",
                "sha256:69a4b8fcbb30a4c3fa81a5cebd961541273e4d222a4c08593b0b18312e14f64a"
            ],
            "markers": "python_version >= '3.8'",
            "version": "==2.3.1"
        }
    },
    "develop": {}
}
